
Microsoft Visual Studio Solution File, Format Version 12.00
# Visual Studio Version 17
VisualStudioVersion = 17.14.37216.2 d17.14
MinimumVisualStudioVersion = 10.0.40219.1
Project("{FAE04EC0-301F-11D3-BF4B-00C04F79EFBC}") = "JobPortal.API", "JobPortal.API\JobPortal.API.csproj", "{62566B52-BB12-48AF-8E5B-C910248ECD5B}"
EndProject
Project("{FAE04EC0-301F-11D3-BF4B-00C04F79EFBC}") = "JobPortal.Application", "..\JobPortal.Application\JobPortal.Application.csproj", "{0E1280CB-CAD5-41F4-B314-F434AF5DA98F}"
EndProject
Project("{FAE04EC0-301F-11D3-BF4B-00C04F79EFBC}") = "JobPortal.Domain", "..\JobPortal.Domain\JobPortal.Domain.csproj", "{D2D57E6A-3D66-4F64-A17D-AFE1998F5DCF}"
EndProject
Project("{FAE04EC0-301F-11D3-BF4B-00C04F79EFBC}") = "JobPortal.Infrastructure", "..\JobPortal.Infrastructure\JobPortal.Infrastructure.csproj", "{B53B2627-B745-4B84-B7F9-6C18D9B1A968}"
EndProject
Global
	GlobalSection(SolutionConfigurationPlatforms) = preSolution
		Debug|Any CPU = Debug|Any CPU
		Release|Any CPU = Release|Any CPU
	EndGlobalSection
	GlobalSection(ProjectConfigurationPlatforms) = postSolution
		{62566B52-BB12-48AF-8E5B-C910248ECD5B}.Debug|Any CPU.ActiveCfg = Debug|Any CPU
		{62566B52-BB12-48AF-8E5B-C910248ECD5B}.Debug|Any CPU.Build.0 = Debug|Any CPU
		{62566B52-BB12-48AF-8E5B-C910248ECD5B}.Release|Any CPU.ActiveCfg = Release|Any CPU
		{62566B52-BB12-48AF-8E5B-C910248ECD5B}.Release|Any CPU.Build.0 = Release|Any CPU
		{0E1280CB-CAD5-41F4-B314-F434AF5DA98F}.Debug|Any CPU.ActiveCfg = Debug|Any CPU
		{0E1280CB-CAD5-41F4-B314-F434AF5DA98F}.Debug|Any CPU.Build.0 = Debug|Any CPU
		{0E1280CB-CAD5-41F4-B314-F434AF5DA98F}.Release|Any CPU.ActiveCfg = Release|Any CPU
		{0E1280CB-CAD5-41F4-B314-F434AF5DA98F}.Release|Any CPU.Build.0 = Release|Any CPU
		{D2D57E6A-3D66-4F64-A17D-AFE1998F5DCF}.Debug|Any CPU.ActiveCfg = Debug|Any CPU
		{D2D57E6A-3D66-4F64-A17D-AFE1998F5DCF}.Debug|Any CPU.Build.0 = Debug|Any CPU
		{D2D57E6A-3D66-4F64-A17D-AFE1998F5DCF}.Release|Any CPU.ActiveCfg = Release|Any CPU
		{D2D57E6A-3D66-4F64-A17D-AFE1998F5DCF}.Release|Any CPU.Build.0 = Release|Any CPU
		{B53B2627-B745-4B84-B7F9-6C18D9B1A968}.Debug|Any CPU.ActiveCfg = Debug|Any CPU
		{B53B2627-B745-4B84-B7F9-6C18D9B1A968}.Debug|Any CPU.Build.0 = Debug|Any CPU
		{B53B2627-B745-4B84-B7F9-6C18D9B1A968}.Release|Any CPU.ActiveCfg = Release|Any CPU
		{B53B2627-B745-4B84-B7F9-6C18D9B1A968}.Release|Any CPU.Build.0 = Release|Any CPU
	EndGlobalSection
	GlobalSection(SolutionProperties) = preSolution
		HideSolutionNode = FALSE
	EndGlobalSection
	GlobalSection(ExtensibilityGlobals) = postSolution
		SolutionGuid = {87D8E54B-DA77-4E43-AA6C-AFBDCF4F5A2C}
	EndGlobalSection
EndGlobal
